
Microsoft Visual Studio Solution File, Format Version 12.00
# Visual Studio Version 17
VisualStudioVersion = 17.14.36310.24
MinimumVisualStudioVersion = 10.0.40219.1
Project("{FAE04EC0-301F-11D3-BF4B-00C04F79EFBC}") = "starfleet-control-csharp-zoleman", "starfleet-control-csharp-zoleman.csproj", "{9E2FEAC4-B2FE-4FC3-8532-3FA69261FA46}"
EndProject
Project("{FAE04EC0-301F-11D3-BF4B-00C04F79EFBC}") = "starfleet-control-csharp-zoleman-tests", "starfleet-control-csharp-zoleman-tests\starfleet-control-csharp-zoleman-tests.csproj", "{9270F690-6D11-42F7-9D9C-3AA53C84B8CA}"
EndProject
Global
	GlobalSection(SolutionConfigurationPlatforms) = preSolution
		Debug|Any CPU = Debug|Any CPU
		Release|Any CPU = Release|Any CPU
	EndGlobalSection
	GlobalSection(ProjectConfigurationPlatforms) = postSolution
		{9E2FEAC4-B2FE-4FC3-8532-3FA69261FA46}.Debug|Any CPU.ActiveCfg = Debug|Any CPU
		{9E2FEAC4-B2FE-4FC3-8532-3FA69261FA46}.Debug|Any CPU.Build.0 = Debug|Any CPU
		{9E2FEAC4-B2FE-4FC3-8532-3FA69261FA46}.Release|Any CPU.ActiveCfg = Release|Any CPU
		{9E2FEAC4-B2FE-4FC3-8532-3FA69261FA46}.Release|Any CPU.Build.0 = Release|Any CPU
		{9270F690-6D11-42F7-9D9C-3AA53C84B8CA}.Debug|Any CPU.ActiveCfg = Debug|Any CPU
		{9270F690-6D11-42F7-9D9C-3AA53C84B8CA}.Debug|Any CPU.Build.0 = Debug|Any CPU
		{9270F690-6D11-42F7-9D9C-3AA53C84B8CA}.Release|Any CPU.ActiveCfg = Release|Any CPU
		{9270F690-6D11-42F7-9D9C-3AA53C84B8CA}.Release|Any CPU.Build.0 = Release|Any CPU
	EndGlobalSection
	GlobalSection(SolutionProperties) = preSolution
		HideSolutionNode = FALSE
	EndGlobalSection
	GlobalSection(ExtensibilityGlobals) = postSolution
		SolutionGuid = {10663CD2-0F2F-414E-AFE0-174F65D17B78}
	EndGlobalSection
EndGlobal
